
Microsoft Visual Studio Solution File, Format Version 12.00
# Visual Studio Version 17
VisualStudioVersion = 17.4.33205.214
MinimumVisualStudioVersion = 10.0.40219.1
Project("{FAE04EC0-301F-11D3-BF4B-00C04F79EFBC}") = "DirectoryWatcher", "DirectoryWatcher\DirectoryWatcher.csproj", "{3A858142-883D-4059-94D1-591037ABFAE5}"
EndProject
Project("{FAE04EC0-301F-11D3-BF4B-00C04F79EFBC}") = "DirectoryWatcher.Test", "DirectoryWatcher.Test\DirectoryWatcher.Test.csproj", "{F548B19D-16B9-4F03-B7BE-1FED5B55F588}"
EndProject
Global
	GlobalSection(SolutionConfigurationPlatforms) = preSolution
		Debug|Any CPU = Debug|Any CPU
		Release|Any CPU = Release|Any CPU
	EndGlobalSection
	GlobalSection(ProjectConfigurationPlatforms) = postSolution
		{3A858142-883D-4059-94D1-591037ABFAE5}.Debug|Any CPU.ActiveCfg = Debug|Any CPU
		{3A858142-883D-4059-94D1-591037ABFAE5}.Debug|Any CPU.Build.0 = Debug|Any CPU
		{3A858142-883D-4059-94D1-591037ABFAE5}.Release|Any CPU.ActiveCfg = Release|Any CPU
		{3A858142-883D-4059-94D1-591037ABFAE5}.Release|Any CPU.Build.0 = Release|Any CPU
		{F548B19D-16B9-4F03-B7BE-1FED5B55F588}.Debug|Any CPU.ActiveCfg = Debug|Any CPU
		{F548B19D-16B9-4F03-B7BE-1FED5B55F588}.Debug|Any CPU.Build.0 = Debug|Any CPU
		{F548B19D-16B9-4F03-B7BE-1FED5B55F588}.Release|Any CPU.ActiveCfg = Release|Any CPU
		{F548B19D-16B9-4F03-B7BE-1FED5B55F588}.Release|Any CPU.Build.0 = Release|Any CPU
	EndGlobalSection
	GlobalSection(SolutionProperties) = preSolution
		HideSolutionNode = FALSE
	EndGlobalSection
	GlobalSection(ExtensibilityGlobals) = postSolution
		SolutionGuid = {4921A95B-C7B7-4332-86FB-FBAD54642C04}
	EndGlobalSection
EndGlobal
